
Microsoft Visual Studio Solution File, Format Version 12.00
# Visual Studio Version 17
VisualStudioVersion = 17.5.33516.290
MinimumVisualStudioVersion = 10.0.40219.1
Project("{9A19103F-16F7-4668-BE54-9A1E7A4F7556}") = "ApiSeriePeliculas", "ApiSeriePeliculas\ApiSeriePeliculas.csproj", "{6F288489-57CF-45E3-94E9-C36518B0D6C9}"
EndProject
Project("{9A19103F-16F7-4668-BE54-9A1E7A4F7556}") = "Contracts", "Contracts\Contracts.csproj", "{9396BEEA-5BF2-4CE0-B458-626F7463D495}"
EndProject
Project("{9A19103F-16F7-4668-BE54-9A1E7A4F7556}") = "Repository", "Repository\Repository.csproj", "{7882220A-61BB-4C54-94F4-B12FB2410522}"
EndProject
Project("{9A19103F-16F7-4668-BE54-9A1E7A4F7556}") = "Entities", "Entities\Entities.csproj", "{899AF5B9-CCFD-4A23-AE6B-C3651EFEE32C}"
EndProject
Project("{FAE04EC0-301F-11D3-BF4B-00C04F79EFBC}") = "LoggerServices", "LoggerServices\LoggerServices.csproj", "{4A3FC4AF-BF24-4570-A21D-257094986BB7}"
EndProject
Global
	GlobalSection(SolutionConfigurationPlatforms) = preSolution
		Debug|Any CPU = Debug|Any CPU
		Release|Any CPU = Release|Any CPU
	EndGlobalSection
	GlobalSection(ProjectConfigurationPlatforms) = postSolution
		{6F288489-57CF-45E3-94E9-C36518B0D6C9}.Debug|Any CPU.ActiveCfg = Debug|Any CPU
		{6F288489-57CF-45E3-94E9-C36518B0D6C9}.Debug|Any CPU.Build.0 = Debug|Any CPU
		{6F288489-57CF-45E3-94E9-C36518B0D6C9}.Release|Any CPU.ActiveCfg = Release|Any CPU
		{6F288489-57CF-45E3-94E9-C36518B0D6C9}.Release|Any CPU.Build.0 = Release|Any CPU
		{9396BEEA-5BF2-4CE0-B458-626F7463D495}.Debug|Any CPU.ActiveCfg = Debug|Any CPU
		{9396BEEA-5BF2-4CE0-B458-626F7463D495}.Debug|Any CPU.Build.0 = Debug|Any CPU
		{9396BEEA-5BF2-4CE0-B458-626F7463D495}.Release|Any CPU.ActiveCfg = Release|Any CPU
		{9396BEEA-5BF2-4CE0-B458-626F7463D495}.Release|Any CPU.Build.0 = Release|Any CPU
		{7882220A-61BB-4C54-94F4-B12FB2410522}.Debug|Any CPU.ActiveCfg = Debug|Any CPU
		{7882220A-61BB-4C54-94F4-B12FB2410522}.Debug|Any CPU.Build.0 = Debug|Any CPU
		{7882220A-61BB-4C54-94F4-B12FB2410522}.Release|Any CPU.ActiveCfg = Release|Any CPU
		{7882220A-61BB-4C54-94F4-B12FB2410522}.Release|Any CPU.Build.0 = Release|Any CPU
		{899AF5B9-CCFD-4A23-AE6B-C3651EFEE32C}.Debug|Any CPU.ActiveCfg = Debug|Any CPU
		{899AF5B9-CCFD-4A23-AE6B-C3651EFEE32C}.Debug|Any CPU.Build.0 = Debug|Any CPU
		{899AF5B9-CCFD-4A23-AE6B-C3651EFEE32C}.Release|Any CPU.ActiveCfg = Release|Any CPU
		{899AF5B9-CCFD-4A23-AE6B-C3651EFEE32C}.Release|Any CPU.Build.0 = Release|Any CPU
		{4A3FC4AF-BF24-4570-A21D-257094986BB7}.Debug|Any CPU.ActiveCfg = Debug|Any CPU
		{4A3FC4AF-BF24-4570-A21D-257094986BB7}.Debug|Any CPU.Build.0 = Debug|Any CPU
		{4A3FC4AF-BF24-4570-A21D-257094986BB7}.Release|Any CPU.ActiveCfg = Release|Any CPU
		{4A3FC4AF-BF24-4570-A21D-257094986BB7}.Release|Any CPU.Build.0 = Release|Any CPU
	EndGlobalSection
	GlobalSection(SolutionProperties) = preSolution
		HideSolutionNode = FALSE
	EndGlobalSection
	GlobalSection(ExtensibilityGlobals) = postSolution
		SolutionGuid = {786A6C5E-5287-46BA-885A-16FB664B9876}
	EndGlobalSection
EndGlobal
